
Microsoft Visual Studio Solution File, Format Version 12.00
# Visual Studio 15
VisualStudioVersion = 15.0.28307.539
MinimumVisualStudioVersion = 10.0.40219.1
Project("{FAE04EC0-301F-11D3-BF4B-00C04F79EFBC}") = "Stack-LAb 2", "Stack-LAb 2\Stack-LAb 2.csproj", "{7164C152-7032-4CD9-96F0-C20DCC46D57A}"
EndProject
Global
	GlobalSection(SolutionConfigurationPlatforms) = preSolution
		Debug|Any CPU = Debug|Any CPU
		Release|Any CPU = Release|Any CPU
	EndGlobalSection
	GlobalSection(ProjectConfigurationPlatforms) = postSolution
		{7164C152-7032-4CD9-96F0-C20DCC46D57A}.Debug|Any CPU.ActiveCfg = Debug|Any CPU
		{7164C152-7032-4CD9-96F0-C20DCC46D57A}.Debug|Any CPU.Build.0 = Debug|Any CPU
		{7164C152-7032-4CD9-96F0-C20DCC46D57A}.Release|Any CPU.ActiveCfg = Release|Any CPU
		{7164C152-7032-4CD9-96F0-C20DCC46D57A}.Release|Any CPU.Build.0 = Release|Any CPU
	EndGlobalSection
	GlobalSection(SolutionProperties) = preSolution
		HideSolutionNode = FALSE
	EndGlobalSection
	GlobalSection(ExtensibilityGlobals) = postSolution
		SolutionGuid = {21B8FE88-305C-4053-B974-C433A8E7E2A3}
	EndGlobalSection
EndGlobal
