
Microsoft Visual Studio Solution File, Format Version 12.00
# Visual Studio 15
VisualStudioVersion = 15.0.28307.645
MinimumVisualStudioVersion = 10.0.40219.1
Project("{FAE04EC0-301F-11D3-BF4B-00C04F79EFBC}") = "Matrix-Totaly basic", "Matrix-Totaly basic\Matrix-Totaly basic.csproj", "{BE834EF2-EDCC-4382-9527-08AE0142FCAA}"
EndProject
Global
	GlobalSection(SolutionConfigurationPlatforms) = preSolution
		Debug|Any CPU = Debug|Any CPU
		Release|Any CPU = Release|Any CPU
	EndGlobalSection
	GlobalSection(ProjectConfigurationPlatforms) = postSolution
		{BE834EF2-EDCC-4382-9527-08AE0142FCAA}.Debug|Any CPU.ActiveCfg = Debug|Any CPU
		{BE834EF2-EDCC-4382-9527-08AE0142FCAA}.Debug|Any CPU.Build.0 = Debug|Any CPU
		{BE834EF2-EDCC-4382-9527-08AE0142FCAA}.Release|Any CPU.ActiveCfg = Release|Any CPU
		{BE834EF2-EDCC-4382-9527-08AE0142FCAA}.Release|Any CPU.Build.0 = Release|Any CPU
	EndGlobalSection
	GlobalSection(SolutionProperties) = preSolution
		HideSolutionNode = FALSE
	EndGlobalSection
	GlobalSection(ExtensibilityGlobals) = postSolution
		SolutionGuid = {DEEB8FF8-82A6-4444-B4C4-D83EFD1FA991}
	EndGlobalSection
EndGlobal
