
Microsoft Visual Studio Solution File, Format Version 12.00
# Visual Studio 15
VisualStudioVersion = 15.0.28307.645
MinimumVisualStudioVersion = 10.0.40219.1
Project("{FAE04EC0-301F-11D3-BF4B-00C04F79EFBC}") = "Funct program ex-4", "Funct program ex-4\Funct program ex-4.csproj", "{6615F34A-CE58-47A3-AB11-5C9B40864591}"
EndProject
Global
	GlobalSection(SolutionConfigurationPlatforms) = preSolution
		Debug|Any CPU = Debug|Any CPU
		Release|Any CPU = Release|Any CPU
	EndGlobalSection
	GlobalSection(ProjectConfigurationPlatforms) = postSolution
		{6615F34A-CE58-47A3-AB11-5C9B40864591}.Debug|Any CPU.ActiveCfg = Debug|Any CPU
		{6615F34A-CE58-47A3-AB11-5C9B40864591}.Debug|Any CPU.Build.0 = Debug|Any CPU
		{6615F34A-CE58-47A3-AB11-5C9B40864591}.Release|Any CPU.ActiveCfg = Release|Any CPU
		{6615F34A-CE58-47A3-AB11-5C9B40864591}.Release|Any CPU.Build.0 = Release|Any CPU
	EndGlobalSection
	GlobalSection(SolutionProperties) = preSolution
		HideSolutionNode = FALSE
	EndGlobalSection
	GlobalSection(ExtensibilityGlobals) = postSolution
		SolutionGuid = {8CF2DF39-B36E-4C45-BAA9-1B11B3D9F4FC}
	EndGlobalSection
EndGlobal
