
Microsoft Visual Studio Solution File, Format Version 12.00
# Visual Studio 15
VisualStudioVersion = 15.0.28307.539
MinimumVisualStudioVersion = 10.0.40219.1
Project("{FAE04EC0-301F-11D3-BF4B-00C04F79EFBC}") = "Santas gifts", "Santas gifts\Santas gifts.csproj", "{6810173C-5ECC-4093-8AC2-AEE13A776B32}"
EndProject
Global
	GlobalSection(SolutionConfigurationPlatforms) = preSolution
		Debug|Any CPU = Debug|Any CPU
		Release|Any CPU = Release|Any CPU
	EndGlobalSection
	GlobalSection(ProjectConfigurationPlatforms) = postSolution
		{6810173C-5ECC-4093-8AC2-AEE13A776B32}.Debug|Any CPU.ActiveCfg = Debug|Any CPU
		{6810173C-5ECC-4093-8AC2-AEE13A776B32}.Debug|Any CPU.Build.0 = Debug|Any CPU
		{6810173C-5ECC-4093-8AC2-AEE13A776B32}.Release|Any CPU.ActiveCfg = Release|Any CPU
		{6810173C-5ECC-4093-8AC2-AEE13A776B32}.Release|Any CPU.Build.0 = Release|Any CPU
	EndGlobalSection
	GlobalSection(SolutionProperties) = preSolution
		HideSolutionNode = FALSE
	EndGlobalSection
	GlobalSection(ExtensibilityGlobals) = postSolution
		SolutionGuid = {DEA6B527-B8D4-436E-BAD0-FC4D0EFB6B01}
	EndGlobalSection
EndGlobal
