
Microsoft Visual Studio Solution File, Format Version 12.00
# Visual Studio 15
VisualStudioVersion = 15.0.28307.645
MinimumVisualStudioVersion = 10.0.40219.1
Project("{FAE04EC0-301F-11D3-BF4B-00C04F79EFBC}") = "Stream ex", "Stream ex\Stream ex.csproj", "{0DD7DC68-1543-4A25-8660-CA046C397866}"
EndProject
Global
	GlobalSection(SolutionConfigurationPlatforms) = preSolution
		Debug|Any CPU = Debug|Any CPU
		Release|Any CPU = Release|Any CPU
	EndGlobalSection
	GlobalSection(ProjectConfigurationPlatforms) = postSolution
		{0DD7DC68-1543-4A25-8660-CA046C397866}.Debug|Any CPU.ActiveCfg = Debug|Any CPU
		{0DD7DC68-1543-4A25-8660-CA046C397866}.Debug|Any CPU.Build.0 = Debug|Any CPU
		{0DD7DC68-1543-4A25-8660-CA046C397866}.Release|Any CPU.ActiveCfg = Release|Any CPU
		{0DD7DC68-1543-4A25-8660-CA046C397866}.Release|Any CPU.Build.0 = Release|Any CPU
	EndGlobalSection
	GlobalSection(SolutionProperties) = preSolution
		HideSolutionNode = FALSE
	EndGlobalSection
	GlobalSection(ExtensibilityGlobals) = postSolution
		SolutionGuid = {4F97E23C-75CA-44B8-A08D-D4C2025AC29F}
	EndGlobalSection
EndGlobal
