
Microsoft Visual Studio Solution File, Format Version 12.00
# Visual Studio 15
VisualStudioVersion = 15.0.28307.645
MinimumVisualStudioVersion = 10.0.40219.1
Project("{FAE04EC0-301F-11D3-BF4B-00C04F79EFBC}") = "Funct programm ex-12", "Funct programm ex-12\Funct programm ex-12.csproj", "{E1BEDF14-125F-4354-863D-65C5D5904DE5}"
EndProject
Global
	GlobalSection(SolutionConfigurationPlatforms) = preSolution
		Debug|Any CPU = Debug|Any CPU
		Release|Any CPU = Release|Any CPU
	EndGlobalSection
	GlobalSection(ProjectConfigurationPlatforms) = postSolution
		{E1BEDF14-125F-4354-863D-65C5D5904DE5}.Debug|Any CPU.ActiveCfg = Debug|Any CPU
		{E1BEDF14-125F-4354-863D-65C5D5904DE5}.Debug|Any CPU.Build.0 = Debug|Any CPU
		{E1BEDF14-125F-4354-863D-65C5D5904DE5}.Release|Any CPU.ActiveCfg = Release|Any CPU
		{E1BEDF14-125F-4354-863D-65C5D5904DE5}.Release|Any CPU.Build.0 = Release|Any CPU
	EndGlobalSection
	GlobalSection(SolutionProperties) = preSolution
		HideSolutionNode = FALSE
	EndGlobalSection
	GlobalSection(ExtensibilityGlobals) = postSolution
		SolutionGuid = {0BFBCFB7-07F6-4651-A390-CD2318FAE68A}
	EndGlobalSection
EndGlobal
