
Microsoft Visual Studio Solution File, Format Version 12.00
# Visual Studio 15
VisualStudioVersion = 15.0.28307.539
MinimumVisualStudioVersion = 10.0.40219.1
Project("{FAE04EC0-301F-11D3-BF4B-00C04F79EFBC}") = "Regex primer 2", "Regex primer 2\Regex primer 2.csproj", "{C00C8A1C-6B12-4AB9-97E7-AE79A2763C62}"
EndProject
Global
	GlobalSection(SolutionConfigurationPlatforms) = preSolution
		Debug|Any CPU = Debug|Any CPU
		Release|Any CPU = Release|Any CPU
	EndGlobalSection
	GlobalSection(ProjectConfigurationPlatforms) = postSolution
		{C00C8A1C-6B12-4AB9-97E7-AE79A2763C62}.Debug|Any CPU.ActiveCfg = Debug|Any CPU
		{C00C8A1C-6B12-4AB9-97E7-AE79A2763C62}.Debug|Any CPU.Build.0 = Debug|Any CPU
		{C00C8A1C-6B12-4AB9-97E7-AE79A2763C62}.Release|Any CPU.ActiveCfg = Release|Any CPU
		{C00C8A1C-6B12-4AB9-97E7-AE79A2763C62}.Release|Any CPU.Build.0 = Release|Any CPU
	EndGlobalSection
	GlobalSection(SolutionProperties) = preSolution
		HideSolutionNode = FALSE
	EndGlobalSection
	GlobalSection(ExtensibilityGlobals) = postSolution
		SolutionGuid = {EDEE4758-FFBC-470B-ADA7-38E7EE145FF9}
	EndGlobalSection
EndGlobal
