
Microsoft Visual Studio Solution File, Format Version 12.00
# Visual Studio 15
VisualStudioVersion = 15.0.28307.645
MinimumVisualStudioVersion = 10.0.40219.1
Project("{FAE04EC0-301F-11D3-BF4B-00C04F79EFBC}") = "Multidimensional arrays-ex 7", "Multidimensional arrays-ex 7\Multidimensional arrays-ex 7.csproj", "{8293AC39-553A-4A59-A976-BF78226B08D8}"
EndProject
Global
	GlobalSection(SolutionConfigurationPlatforms) = preSolution
		Debug|Any CPU = Debug|Any CPU
		Release|Any CPU = Release|Any CPU
	EndGlobalSection
	GlobalSection(ProjectConfigurationPlatforms) = postSolution
		{8293AC39-553A-4A59-A976-BF78226B08D8}.Debug|Any CPU.ActiveCfg = Debug|Any CPU
		{8293AC39-553A-4A59-A976-BF78226B08D8}.Debug|Any CPU.Build.0 = Debug|Any CPU
		{8293AC39-553A-4A59-A976-BF78226B08D8}.Release|Any CPU.ActiveCfg = Release|Any CPU
		{8293AC39-553A-4A59-A976-BF78226B08D8}.Release|Any CPU.Build.0 = Release|Any CPU
	EndGlobalSection
	GlobalSection(SolutionProperties) = preSolution
		HideSolutionNode = FALSE
	EndGlobalSection
	GlobalSection(ExtensibilityGlobals) = postSolution
		SolutionGuid = {1C30780B-34C2-400F-8FA2-42425C716103}
	EndGlobalSection
EndGlobal
