
Microsoft Visual Studio Solution File, Format Version 12.00
# Visual Studio 15
VisualStudioVersion = 15.0.28307.539
MinimumVisualStudioVersion = 10.0.40219.1
Project("{FAE04EC0-301F-11D3-BF4B-00C04F79EFBC}") = "Softuni Twitter", "Softuni Twitter\Softuni Twitter.csproj", "{AE31657F-6132-42E4-A75A-38F912E99873}"
EndProject
Global
	GlobalSection(SolutionConfigurationPlatforms) = preSolution
		Debug|Any CPU = Debug|Any CPU
		Release|Any CPU = Release|Any CPU
	EndGlobalSection
	GlobalSection(ProjectConfigurationPlatforms) = postSolution
		{AE31657F-6132-42E4-A75A-38F912E99873}.Debug|Any CPU.ActiveCfg = Debug|Any CPU
		{AE31657F-6132-42E4-A75A-38F912E99873}.Debug|Any CPU.Build.0 = Debug|Any CPU
		{AE31657F-6132-42E4-A75A-38F912E99873}.Release|Any CPU.ActiveCfg = Release|Any CPU
		{AE31657F-6132-42E4-A75A-38F912E99873}.Release|Any CPU.Build.0 = Release|Any CPU
	EndGlobalSection
	GlobalSection(SolutionProperties) = preSolution
		HideSolutionNode = FALSE
	EndGlobalSection
	GlobalSection(ExtensibilityGlobals) = postSolution
		SolutionGuid = {66EB36FB-F092-4891-8DD6-C452B4C5F81B}
	EndGlobalSection
EndGlobal
