
Microsoft Visual Studio Solution File, Format Version 12.00
# Visual Studio 15
VisualStudioVersion = 15.0.28307.645
MinimumVisualStudioVersion = 10.0.40219.1
Project("{FAE04EC0-301F-11D3-BF4B-00C04F79EFBC}") = "Sets and dicts-ex2", "Sets and dicts-ex2\Sets and dicts-ex2.csproj", "{2D78CD97-A4D0-4C71-B03F-5F7DAD1B67F3}"
EndProject
Global
	GlobalSection(SolutionConfigurationPlatforms) = preSolution
		Debug|Any CPU = Debug|Any CPU
		Release|Any CPU = Release|Any CPU
	EndGlobalSection
	GlobalSection(ProjectConfigurationPlatforms) = postSolution
		{2D78CD97-A4D0-4C71-B03F-5F7DAD1B67F3}.Debug|Any CPU.ActiveCfg = Debug|Any CPU
		{2D78CD97-A4D0-4C71-B03F-5F7DAD1B67F3}.Debug|Any CPU.Build.0 = Debug|Any CPU
		{2D78CD97-A4D0-4C71-B03F-5F7DAD1B67F3}.Release|Any CPU.ActiveCfg = Release|Any CPU
		{2D78CD97-A4D0-4C71-B03F-5F7DAD1B67F3}.Release|Any CPU.Build.0 = Release|Any CPU
	EndGlobalSection
	GlobalSection(SolutionProperties) = preSolution
		HideSolutionNode = FALSE
	EndGlobalSection
	GlobalSection(ExtensibilityGlobals) = postSolution
		SolutionGuid = {92EE08CB-B3B1-48E2-B7CC-4F9909916311}
	EndGlobalSection
EndGlobal
