
Microsoft Visual Studio Solution File, Format Version 12.00
# Visual Studio 15
VisualStudioVersion = 15.0.28307.902
MinimumVisualStudioVersion = 10.0.40219.1
Project("{FAE04EC0-301F-11D3-BF4B-00C04F79EFBC}") = "CD Generator", "CD Generator\CD Generator.csproj", "{3BBAE6FB-D313-4A54-B645-469CB6D6DBAD}"
EndProject
Global
	GlobalSection(SolutionConfigurationPlatforms) = preSolution
		Debug|Any CPU = Debug|Any CPU
		Release|Any CPU = Release|Any CPU
	EndGlobalSection
	GlobalSection(ProjectConfigurationPlatforms) = postSolution
		{3BBAE6FB-D313-4A54-B645-469CB6D6DBAD}.Debug|Any CPU.ActiveCfg = Debug|Any CPU
		{3BBAE6FB-D313-4A54-B645-469CB6D6DBAD}.Debug|Any CPU.Build.0 = Debug|Any CPU
		{3BBAE6FB-D313-4A54-B645-469CB6D6DBAD}.Release|Any CPU.ActiveCfg = Release|Any CPU
		{3BBAE6FB-D313-4A54-B645-469CB6D6DBAD}.Release|Any CPU.Build.0 = Release|Any CPU
	EndGlobalSection
	GlobalSection(SolutionProperties) = preSolution
		HideSolutionNode = FALSE
	EndGlobalSection
	GlobalSection(ExtensibilityGlobals) = postSolution
		SolutionGuid = {A8A96AFC-7DC1-425D-8818-695C38079598}
	EndGlobalSection
EndGlobal
