
Microsoft Visual Studio Solution File, Format Version 12.00
# Visual Studio 15
VisualStudioVersion = 15.0.28307.539
MinimumVisualStudioVersion = 10.0.40219.1
Project("{FAE04EC0-301F-11D3-BF4B-00C04F79EFBC}") = "REgex primer -1", "REgex primer -1\REgex primer -1.csproj", "{9EA2849F-2B92-42D0-B10F-D26B3AC2BBDC}"
EndProject
Global
	GlobalSection(SolutionConfigurationPlatforms) = preSolution
		Debug|Any CPU = Debug|Any CPU
		Release|Any CPU = Release|Any CPU
	EndGlobalSection
	GlobalSection(ProjectConfigurationPlatforms) = postSolution
		{9EA2849F-2B92-42D0-B10F-D26B3AC2BBDC}.Debug|Any CPU.ActiveCfg = Debug|Any CPU
		{9EA2849F-2B92-42D0-B10F-D26B3AC2BBDC}.Debug|Any CPU.Build.0 = Debug|Any CPU
		{9EA2849F-2B92-42D0-B10F-D26B3AC2BBDC}.Release|Any CPU.ActiveCfg = Release|Any CPU
		{9EA2849F-2B92-42D0-B10F-D26B3AC2BBDC}.Release|Any CPU.Build.0 = Release|Any CPU
	EndGlobalSection
	GlobalSection(SolutionProperties) = preSolution
		HideSolutionNode = FALSE
	EndGlobalSection
	GlobalSection(ExtensibilityGlobals) = postSolution
		SolutionGuid = {50CE7EC5-71FF-41EC-BC83-A95633EB7455}
	EndGlobalSection
EndGlobal
